
Microsoft Visual Studio Solution File, Format Version 12.00
# Visual Studio Version 17
VisualStudioVersion = 17.8.34511.84
MinimumVisualStudioVersion = 10.0.40219.1
Project("{FAE04EC0-301F-11D3-BF4B-00C04F79EFBC}") = "ReporteVueloFramework", "ReporteVueloFramework\ReporteVueloFramework.csproj", "{2F21D57E-3FAE-4CE1-BC90-951E2FDA9C9F}"
EndProject
Project("{FAE04EC0-301F-11D3-BF4B-00C04F79EFBC}") = "Dominio", "Dominio\Dominio.csproj", "{FFA6DD68-6583-4E54-B07A-DA0ACC1E6523}"
EndProject
Global
	GlobalSection(SolutionConfigurationPlatforms) = preSolution
		Debug|Any CPU = Debug|Any CPU
		Release|Any CPU = Release|Any CPU
	EndGlobalSection
	GlobalSection(ProjectConfigurationPlatforms) = postSolution
		{2F21D57E-3FAE-4CE1-BC90-951E2FDA9C9F}.Debug|Any CPU.ActiveCfg = Debug|Any CPU
		{2F21D57E-3FAE-4CE1-BC90-951E2FDA9C9F}.Debug|Any CPU.Build.0 = Debug|Any CPU
		{2F21D57E-3FAE-4CE1-BC90-951E2FDA9C9F}.Release|Any CPU.ActiveCfg = Release|Any CPU
		{2F21D57E-3FAE-4CE1-BC90-951E2FDA9C9F}.Release|Any CPU.Build.0 = Release|Any CPU
		{FFA6DD68-6583-4E54-B07A-DA0ACC1E6523}.Debug|Any CPU.ActiveCfg = Debug|Any CPU
		{FFA6DD68-6583-4E54-B07A-DA0ACC1E6523}.Debug|Any CPU.Build.0 = Debug|Any CPU
		{FFA6DD68-6583-4E54-B07A-DA0ACC1E6523}.Release|Any CPU.ActiveCfg = Release|Any CPU
		{FFA6DD68-6583-4E54-B07A-DA0ACC1E6523}.Release|Any CPU.Build.0 = Release|Any CPU
	EndGlobalSection
	GlobalSection(SolutionProperties) = preSolution
		HideSolutionNode = FALSE
	EndGlobalSection
	GlobalSection(ExtensibilityGlobals) = postSolution
		SolutionGuid = {276A1A17-5CD3-4B27-A81B-B440B945F8E3}
	EndGlobalSection
EndGlobal
